{
  "name": "AudiobookRequest",
  "lockfileVersion": 2,
  "requires": true,
  "packages": {
    "": {
      "devDependencies": {
        "daisyui": "^5.0.0-beta.8"
      }
    },
    "node_modules/daisyui": {
      "version": "5.0.0-beta.8",
      "resolved": "https://registry.npmjs.org/daisyui/-/daisyui-5.0.0-beta.8.tgz",
      "integrity": "sha512-jSokqm5i+Pv1jG80wliNzMHjmcF+iMx5xRUpk0/QExVoVNyQNWeCsaWJQubPvUq7bt9nzSsQTR2uIZBoyIIoaA==",
      "dev": true,
      "funding": {
        "url": "https://github.com/saadeghi/daisyui?sponsor=1"
      }
    }
  },
  "dependencies": {
    "daisyui": {
      "version": "5.0.0-beta.8",
      "resolved": "https://registry.npmjs.org/daisyui/-/daisyui-5.0.0-beta.8.tgz",
      "integrity": "sha512-jSokqm5i+Pv1jG80wliNzMHjmcF+iMx5xRUpk0/QExVoVNyQNWeCsaWJQubPvUq7bt9nzSsQTR2uIZBoyIIoaA==",
      "dev": true
    }
  }
}
